
Microsoft Visual Studio Solution File, Format Version 12.00
Project("{FAE04EC0-301F-11D3-BF4B-00C04F79EFBC}") = "twocount.web.api", "twocount.web.api\twocount.web.api.csproj", "{8C083EE0-C970-4801-B8B7-7D36CA9598B9}"
EndProject
Global
	GlobalSection(SolutionConfigurationPlatforms) = preSolution
		Debug|Any CPU = Debug|Any CPU
		Release|Any CPU = Release|Any CPU
	EndGlobalSection
	GlobalSection(ProjectConfigurationPlatforms) = postSolution
		{8C083EE0-C970-4801-B8B7-7D36CA9598B9}.Debug|Any CPU.ActiveCfg = Debug|Any CPU
		{8C083EE0-C970-4801-B8B7-7D36CA9598B9}.Debug|Any CPU.Build.0 = Debug|Any CPU
		{8C083EE0-C970-4801-B8B7-7D36CA9598B9}.Release|Any CPU.ActiveCfg = Release|Any CPU
		{8C083EE0-C970-4801-B8B7-7D36CA9598B9}.Release|Any CPU.Build.0 = Release|Any CPU
	EndGlobalSection
EndGlobal
